
Microsoft Visual Studio Solution File, Format Version 12.00
# Visual Studio Version 16
VisualStudioVersion = 16.0.30309.148
MinimumVisualStudioVersion = 10.0.40219.1
Project("{FAE04EC0-301F-11D3-BF4B-00C04F79EFBC}") = "TestSAYNA", "TestSAYNA.csproj", "{332CEAEA-39A5-4AE5-BE8B-C8D7A904ABB4}"
EndProject
Global
	GlobalSection(SolutionConfigurationPlatforms) = preSolution
		Debug|Any CPU = Debug|Any CPU
		Release|Any CPU = Release|Any CPU
	EndGlobalSection
	GlobalSection(ProjectConfigurationPlatforms) = postSolution
		{332CEAEA-39A5-4AE5-BE8B-C8D7A904ABB4}.Debug|Any CPU.ActiveCfg = Debug|Any CPU
		{332CEAEA-39A5-4AE5-BE8B-C8D7A904ABB4}.Debug|Any CPU.Build.0 = Debug|Any CPU
		{332CEAEA-39A5-4AE5-BE8B-C8D7A904ABB4}.Release|Any CPU.ActiveCfg = Release|Any CPU
		{332CEAEA-39A5-4AE5-BE8B-C8D7A904ABB4}.Release|Any CPU.Build.0 = Release|Any CPU
	EndGlobalSection
	GlobalSection(SolutionProperties) = preSolution
		HideSolutionNode = FALSE
	EndGlobalSection
	GlobalSection(ExtensibilityGlobals) = postSolution
		SolutionGuid = {CAE64596-0A7A-4F39-B149-773E51CC5852}
	EndGlobalSection
EndGlobal
